
Microsoft Visual Studio Solution File, Format Version 12.00
# Visual Studio Version 16
VisualStudioVersion = 16.0.31105.61
MinimumVisualStudioVersion = 10.0.40219.1
Project("{FAE04EC0-301F-11D3-BF4B-00C04F79EFBC}") = "CheilHotelAPI", "CheilHotel API\CheilHotelAPI.csproj", "{C70431B9-DDBA-48A7-8B8D-5A1CCCDF5D64}"
EndProject
Global
	GlobalSection(SolutionConfigurationPlatforms) = preSolution
		Debug|Any CPU = Debug|Any CPU
		Release|Any CPU = Release|Any CPU
	EndGlobalSection
	GlobalSection(ProjectConfigurationPlatforms) = postSolution
		{C70431B9-DDBA-48A7-8B8D-5A1CCCDF5D64}.Debug|Any CPU.ActiveCfg = Debug|Any CPU
		{C70431B9-DDBA-48A7-8B8D-5A1CCCDF5D64}.Debug|Any CPU.Build.0 = Debug|Any CPU
		{C70431B9-DDBA-48A7-8B8D-5A1CCCDF5D64}.Release|Any CPU.ActiveCfg = Release|Any CPU
		{C70431B9-DDBA-48A7-8B8D-5A1CCCDF5D64}.Release|Any CPU.Build.0 = Release|Any CPU
	EndGlobalSection
	GlobalSection(SolutionProperties) = preSolution
		HideSolutionNode = FALSE
	EndGlobalSection
	GlobalSection(ExtensibilityGlobals) = postSolution
		SolutionGuid = {2A135178-0DD0-4063-A1AA-8A6DFE10A225}
	EndGlobalSection
EndGlobal
